// !$*UTF8*$!
{
	archiveVersion = 1;
	classes = {
	};
	objectVersion = 77;
	objects = {

/* Begin PBXBuildFile section */
		3190A0636E9A7A102E04EA68 /* MacBrowserApp.swift in Sources */ = {isa = PBXBuildFile; fileRef = C7FA00419CE5DB4E9E6CFD66 /* MacBrowserApp.swift */; };
		687C100779DB930527E1D406 /* ContentView.swift in Sources */ = {isa = PBXBuildFile; fileRef = F4F8E4BB59AE5ACB02E4F405 /* ContentView.swift */; };
		D5901EEFE8BFCC2DBDBD38B2 /* BrowserCore in Frameworks */ = {isa = PBXBuildFile; productRef = DA9E6A28B685B4EB034F1C6E /* BrowserCore */; };
/* End PBXBuildFile section */

/* Begin PBXFileReference section */
		0FA3F8B1060315FE4A2A1416 /* BrowserCore */ = {isa = PBXFileReference; lastKnownFileType = folder; name = BrowserCore; path = ../../packages/BrowserCore; sourceTree = SOURCE_ROOT; };
		9B66BACE20761F76E4636EB9 /* MacBrowser.app */ = {isa = PBXFileReference; explicitFileType = wrapper.application; includeInIndex = 0; path = MacBrowser.app; sourceTree = BUILT_PRODUCTS_DIR; };
		C7FA00419CE5DB4E9E6CFD66 /* MacBrowserApp.swift */ = {isa = PBXFileReference; lastKnownFileType = sourcecode.swift; path = MacBrowserApp.swift; sourceTree = "<group>"; };
		F4F8E4BB59AE5ACB02E4F405 /* ContentView.swift */ = {isa = PBXFileReference; lastKnownFileType = sourcecode.swift; path = ContentView.swift; sourceTree = "<group>"; };
/* End PBXFileReference section */

/* Begin PBXFrameworksBuildPhase section */
		7E016FA1DDD9D59498A2BEC7 /* Frameworks */ = {
			isa = PBXFrameworksBuildPhase;
			buildActionMask = 2147483647;
			files = (
				D5901EEFE8BFCC2DBDBD38B2 /* BrowserCore in Frameworks */,
			);
			runOnlyForDeploymentPostprocessing = 0;
		};
/* End PBXFrameworksBuildPhase section */

/* Begin PBXGroup section */
		4F31F54EBA8843388A949D25 /* Packages */ = {
			isa = PBXGroup;
			children = (
				0FA3F8B1060315FE4A2A1416 /* BrowserCore */,
			);
			name = Packages;
			sourceTree = "<group>";
		};
		64848664E552CB34BA6BDB3F = {
			isa = PBXGroup;
			children = (
				4F31F54EBA8843388A949D25 /* Packages */,
				BD193D32E798C6AFB72CE23A /* Sources */,
				BF67A4399F75C6659D549BD0 /* Products */,
			);
			sourceTree = "<group>";
		};
		BD193D32E798C6AFB72CE23A /* Sources */ = {
			isa = PBXGroup;
			children = (
				F4F8E4BB59AE5ACB02E4F405 /* ContentView.swift */,
				C7FA00419CE5DB4E9E6CFD66 /* MacBrowserApp.swift */,
			);
			path = Sources;
			sourceTree = "<group>";
		};
		BF67A4399F75C6659D549BD0 /* Products */ = {
			isa = PBXGroup;
			children = (
				9B66BACE20761F76E4636EB9 /* MacBrowser.app */,
			);
			name = Products;
			sourceTree = "<group>";
		};
/* End PBXGroup section */

/* Begin PBXNativeTarget section */
		7B2586D7091DF36C6466B0F7 /* MacBrowser */ = {
			isa = PBXNativeTarget;
			buildConfigurationList = A96687642B81D2E5E7A5413D /* Build configuration list for PBXNativeTarget "MacBrowser" */;
			buildPhases = (
				37D478E95D01097086FC3DB0 /* Sources */,
				7E016FA1DDD9D59498A2BEC7 /* Frameworks */,
			);
			buildRules = (
			);
			dependencies = (
			);
			name = MacBrowser;
			packageProductDependencies = (
				DA9E6A28B685B4EB034F1C6E /* BrowserCore */,
			);
			productName = MacBrowser;
			productReference = 9B66BACE20761F76E4636EB9 /* MacBrowser.app */;
			productType = "com.apple.product-type.application";
		};
/* End PBXNativeTarget section */

/* Begin PBXProject section */
		EE3F6AD7410118F11CD57991 /* Project object */ = {
			isa = PBXProject;
			attributes = {
				BuildIndependentTargetsInParallel = YES;
				LastUpgradeCheck = 1430;
				TargetAttributes = {
				};
			};
			buildConfigurationList = 99DC22DBDD8CF819197ECEF9 /* Build configuration list for PBXProject "MacBrowser" */;
			developmentRegion = en;
			hasScannedForEncodings = 0;
			knownRegions = (
				Base,
				en,
			);
			mainGroup = 64848664E552CB34BA6BDB3F;
			minimizedProjectReferenceProxies = 1;
			packageReferences = (
				F3303529ABDB6F634DBDC2F9 /* XCLocalSwiftPackageReference "../../packages/BrowserCore" */,
			);
			preferredProjectObjectVersion = 77;
			productRefGroup = BF67A4399F75C6659D549BD0 /* Products */;
			projectDirPath = "";
			projectRoot = "";
			targets = (
				7B2586D7091DF36C6466B0F7 /* MacBrowser */,
			);
		};
/* End PBXProject section */

/* Begin PBXSourcesBuildPhase section */
		37D478E95D01097086FC3DB0 /* Sources */ = {
			isa = PBXSourcesBuildPhase;
			buildActionMask = 2147483647;
			files = (
				687C100779DB930527E1D406 /* ContentView.swift in Sources */,
				3190A0636E9A7A102E04EA68 /* MacBrowserApp.swift in Sources */,
			);
			runOnlyForDeploymentPostprocessing = 0;
		};
/* End PBXSourcesBuildPhase section */

/* Begin XCBuildConfiguration section */
		29958E646487790401824EED /* Debug */ = {
			isa = XCBuildConfiguration;
			buildSettings = {
				ALWAYS_SEARCH_USER_PATHS = NO;
				CLANG_ANALYZER_NONNULL = YES;
				CLANG_ANALYZER_NUMBER_OBJECT_CONVERSION = YES_AGGRESSIVE;
				CLANG_CXX_LANGUAGE_STANDARD = "gnu++14";
				CLANG_CXX_LIBRARY = "libc++";
				CLANG_ENABLE_MODULES = YES;
				CLANG_ENABLE_OBJC_ARC = YES;
				CLANG_ENABLE_OBJC_WEAK = YES;
				CLANG_WARN_BLOCK_CAPTURE_AUTORELEASING = YES;
				CLANG_WARN_BOOL_CONVERSION = YES;
				CLANG_WARN_COMMA = YES;
				CLANG_WARN_CONSTANT_CONVERSION = YES;
				CLANG_WARN_DEPRECATED_OBJC_IMPLEMENTATIONS = YES;
				CLANG_WARN_DIRECT_OBJC_ISA_USAGE = YES_ERROR;
				CLANG_WARN_DOCUMENTATION_COMMENTS = YES;
				CLANG_WARN_EMPTY_BODY = YES;
				CLANG_WARN_ENUM_CONVERSION = YES;
				CLANG_WARN_INFINITE_RECURSION = YES;
				CLANG_WARN_INT_CONVERSION = YES;
				CLANG_WARN_NON_LITERAL_NULL_CONVERSION = YES;
				CLANG_WARN_OBJC_IMPLICIT_RETAIN_SELF = YES;
				CLANG_WARN_OBJC_LITERAL_CONVERSION = YES;
				CLANG_WARN_OBJC_ROOT_CLASS = YES_ERROR;
				CLANG_WARN_QUOTED_INCLUDE_IN_FRAMEWORK_HEADER = YES;
				CLANG_WARN_RANGE_LOOP_ANALYSIS = YES;
				CLANG_WARN_STRICT_PROTOTYPES = YES;
				CLANG_WARN_SUSPICIOUS_MOVE = YES;
				CLANG_WARN_UNGUARDED_AVAILABILITY = YES_AGGRESSIVE;
				CLANG_WARN_UNREACHABLE_CODE = YES;
				CLANG_WARN__DUPLICATE_METHOD_MATCH = YES;
				COPY_PHASE_STRIP = NO;
				CURRENT_PROJECT_VERSION = 1;
				DEBUG_INFORMATION_FORMAT = dwarf;
				ENABLE_STRICT_OBJC_MSGSEND = YES;
				ENABLE_TESTABILITY = YES;
				GCC_C_LANGUAGE_STANDARD = gnu11;
				GCC_DYNAMIC_NO_PIC = NO;
				GCC_NO_COMMON_BLOCKS = YES;
				GCC_OPTIMIZATION_LEVEL = 0;
				GCC_PREPROCESSOR_DEFINITIONS = (
					"$(inherited)",
					"DEBUG=1",
				);
				GCC_WARN_64_TO_32_BIT_CONVERSION = YES;
				GCC_WARN_ABOUT_RETURN_TYPE = YES_ERROR;
				GCC_WARN_UNDECLARED_SELECTOR = YES;
				GCC_WARN_UNINITIALIZED_AUTOS = YES_AGGRESSIVE;
				GCC_WARN_UNUSED_FUNCTION = YES;
				GCC_WARN_UNUSED_VARIABLE = YES;
				MACOSX_DEPLOYMENT_TARGET = 14.0;
				MARKETING_VERSION = 0.0.1;
				MTL_ENABLE_DEBUG_INFO = INCLUDE_SOURCE;
				MTL_FAST_MATH = YES;
				ONLY_ACTIVE_ARCH = YES;
				PRODUCT_NAME = "$(TARGET_NAME)";
				SDKROOT = macosx;
				SWIFT_ACTIVE_COMPILATION_CONDITIONS = DEBUG;
				SWIFT_OPTIMIZATION_LEVEL = "-Onone";
				SWIFT_VERSION = 6.0;
			};
			name = Debug;
		};
		3CAEB4B74C9A5C034A7CFD2A /* Debug */ = {
			isa = XCBuildConfiguration;
			buildSettings = {
				ASSETCATALOG_COMPILER_APPICON_NAME = AppIcon;
				COMBINE_HIDPI_IMAGES = YES;
				GENERATE_INFOPLIST_FILE = NO;
				INFOPLIST_FILE = Generated/Info.plist;
				LD_RUNPATH_SEARCH_PATHS = (
					"$(inherited)",
					"@executable_path/../Frameworks",
				);
				PRODUCT_BUNDLE_IDENTIFIER = com.iosbrowser.macos;
				SDKROOT = macosx;
			};
			name = Debug;
		};
		4EEC5B4674CFB938FB8B05AB /* Release */ = {
			isa = XCBuildConfiguration;
			buildSettings = {
				ALWAYS_SEARCH_USER_PATHS = NO;
				CLANG_ANALYZER_NONNULL = YES;
				CLANG_ANALYZER_NUMBER_OBJECT_CONVERSION = YES_AGGRESSIVE;
				CLANG_CXX_LANGUAGE_STANDARD = "gnu++14";
				CLANG_CXX_LIBRARY = "libc++";
				CLANG_ENABLE_MODULES = YES;
				CLANG_ENABLE_OBJC_ARC = YES;
				CLANG_ENABLE_OBJC_WEAK = YES;
				CLANG_WARN_BLOCK_CAPTURE_AUTORELEASING = YES;
				CLANG_WARN_BOOL_CONVERSION = YES;
				CLANG_WARN_COMMA = YES;
				CLANG_WARN_CONSTANT_CONVERSION = YES;
				CLANG_WARN_DEPRECATED_OBJC_IMPLEMENTATIONS = YES;
				CLANG_WARN_DIRECT_OBJC_ISA_USAGE = YES_ERROR;
				CLANG_WARN_DOCUMENTATION_COMMENTS = YES;
				CLANG_WARN_EMPTY_BODY = YES;
				CLANG_WARN_ENUM_CONVERSION = YES;
				CLANG_WARN_INFINITE_RECURSION = YES;
				CLANG_WARN_INT_CONVERSION = YES;
				CLANG_WARN_NON_LITERAL_NULL_CONVERSION = YES;
				CLANG_WARN_OBJC_IMPLICIT_RETAIN_SELF = YES;
				CLANG_WARN_OBJC_LITERAL_CONVERSION = YES;
				CLANG_WARN_OBJC_ROOT_CLASS = YES_ERROR;
				CLANG_WARN_QUOTED_INCLUDE_IN_FRAMEWORK_HEADER = YES;
				CLANG_WARN_RANGE_LOOP_ANALYSIS = YES;
				CLANG_WARN_STRICT_PROTOTYPES = YES;
				CLANG_WARN_SUSPICIOUS_MOVE = YES;
				CLANG_WARN_UNGUARDED_AVAILABILITY = YES_AGGRESSIVE;
				CLANG_WARN_UNREACHABLE_CODE = YES;
				CLANG_WARN__DUPLICATE_METHOD_MATCH = YES;
				COPY_PHASE_STRIP = NO;
				CURRENT_PROJECT_VERSION = 1;
				DEBUG_INFORMATION_FORMAT = "dwarf-with-dsym";
				ENABLE_NS_ASSERTIONS = NO;
				ENABLE_STRICT_OBJC_MSGSEND = YES;
				GCC_C_LANGUAGE_STANDARD = gnu11;
				GCC_NO_COMMON_BLOCKS = YES;
				GCC_WARN_64_TO_32_BIT_CONVERSION = YES;
				GCC_WARN_ABOUT_RETURN_TYPE = YES_ERROR;
				GCC_WARN_UNDECLARED_SELECTOR = YES;
				GCC_WARN_UNINITIALIZED_AUTOS = YES_AGGRESSIVE;
				GCC_WARN_UNUSED_FUNCTION = YES;
				GCC_WARN_UNUSED_VARIABLE = YES;
				MACOSX_DEPLOYMENT_TARGET = 14.0;
				MARKETING_VERSION = 0.0.1;
				MTL_ENABLE_DEBUG_INFO = NO;
				MTL_FAST_MATH = YES;
				PRODUCT_NAME = "$(TARGET_NAME)";
				SDKROOT = macosx;
				SWIFT_COMPILATION_MODE = wholemodule;
				SWIFT_OPTIMIZATION_LEVEL = "-O";
				SWIFT_VERSION = 6.0;
			};
			name = Release;
		};
		D9A405E3ECE014D2BFBE4BDB /* Release */ = {
			isa = XCBuildConfiguration;
			buildSettings = {
				ASSETCATALOG_COMPILER_APPICON_NAME = AppIcon;
				COMBINE_HIDPI_IMAGES = YES;
				GENERATE_INFOPLIST_FILE = NO;
				INFOPLIST_FILE = Generated/Info.plist;
				LD_RUNPATH_SEARCH_PATHS = (
					"$(inherited)",
					"@executable_path/../Frameworks",
				);
				PRODUCT_BUNDLE_IDENTIFIER = com.iosbrowser.macos;
				SDKROOT = macosx;
			};
			name = Release;
		};
/* End XCBuildConfiguration section */

/* Begin XCConfigurationList section */
		99DC22DBDD8CF819197ECEF9 /* Build configuration list for PBXProject "MacBrowser" */ = {
			isa = XCConfigurationList;
			buildConfigurations = (
				29958E646487790401824EED /* Debug */,
				4EEC5B4674CFB938FB8B05AB /* Release */,
			);
			defaultConfigurationIsVisible = 0;
			defaultConfigurationName = Debug;
		};
		A96687642B81D2E5E7A5413D /* Build configuration list for PBXNativeTarget "MacBrowser" */ = {
			isa = XCConfigurationList;
			buildConfigurations = (
				3CAEB4B74C9A5C034A7CFD2A /* Debug */,
				D9A405E3ECE014D2BFBE4BDB /* Release */,
			);
			defaultConfigurationIsVisible = 0;
			defaultConfigurationName = Debug;
		};
/* End XCConfigurationList section */

/* Begin XCLocalSwiftPackageReference section */
		F3303529ABDB6F634DBDC2F9 /* XCLocalSwiftPackageReference "../../packages/BrowserCore" */ = {
			isa = XCLocalSwiftPackageReference;
			relativePath = ../../packages/BrowserCore;
		};
/* End XCLocalSwiftPackageReference section */

/* Begin XCSwiftPackageProductDependency section */
		DA9E6A28B685B4EB034F1C6E /* BrowserCore */ = {
			isa = XCSwiftPackageProductDependency;
			productName = BrowserCore;
		};
/* End XCSwiftPackageProductDependency section */
	};
	rootObject = EE3F6AD7410118F11CD57991 /* Project object */;
}
