// !$*UTF8*$!
{
	archiveVersion = 1;
	classes = {
	};
	objectVersion = 77;
	objects = {

/* Begin PBXBuildFile section */
		108DA80EA553E1C904635A35 /* BrowserCommands.swift in Sources */ = {isa = PBXBuildFile; fileRef = 40D5C254AF01A397901D4FE6 /* BrowserCommands.swift */; };
		13D317C2292F1D5A1F145DAC /* CreateSpaceSheet.swift in Sources */ = {isa = PBXBuildFile; fileRef = B2C6304CADDA83057A4761B7 /* CreateSpaceSheet.swift */; };
		153AE9891CBA98E029C380F6 /* BrowserWindowView.swift in Sources */ = {isa = PBXBuildFile; fileRef = CA9965A1115670D122AE5954 /* BrowserWindowView.swift */; };
		1B7AD01A2172C657ED7073C6 /* SpaceColor.swift in Sources */ = {isa = PBXBuildFile; fileRef = B708A87C7E8481C52039EE08 /* SpaceColor.swift */; };
		20EEDF31C04DC7682F4AC02B /* CommandBarController.swift in Sources */ = {isa = PBXBuildFile; fileRef = A45E8723FBD21A95F60AD201 /* CommandBarController.swift */; };
		3190A0636E9A7A102E04EA68 /* MacBrowserApp.swift in Sources */ = {isa = PBXBuildFile; fileRef = C7FA00419CE5DB4E9E6CFD66 /* MacBrowserApp.swift */; };
		3F34061DF01735C9598F19FA /* TabStripView.swift in Sources */ = {isa = PBXBuildFile; fileRef = 6A6F1CEC9567CE00791889AF /* TabStripView.swift */; };
		4090B84CF8DCC45ED3148C69 /* SpacesSwitcherView.swift in Sources */ = {isa = PBXBuildFile; fileRef = BD4858BCCE83EC421A583833 /* SpacesSwitcherView.swift */; };
		40F3100FACDB0510E6275BCB /* Assets.xcassets in Resources */ = {isa = PBXBuildFile; fileRef = F960DB93B8C5FC7B279AFE51 /* Assets.xcassets */; };
		47417F6BC994D5FEFA7FDDBC /* FocusedValues+WindowState.swift in Sources */ = {isa = PBXBuildFile; fileRef = 1853863584241AAE23987837 /* FocusedValues+WindowState.swift */; };
		51AF48B13B9B21E51F011943 /* SettingsView.swift in Sources */ = {isa = PBXBuildFile; fileRef = 9C62B0B04B2D7D1EB3EA6CBE /* SettingsView.swift */; };
		57046767EE135E6DAAAE5AA8 /* ArchivedView.swift in Sources */ = {isa = PBXBuildFile; fileRef = 6FBE0D524EBD2C195D96CEE3 /* ArchivedView.swift */; };
		5B56054A94CFAD985BE170EE /* WindowState.swift in Sources */ = {isa = PBXBuildFile; fileRef = 92FE922FD9EBBDF4CD196CA0 /* WindowState.swift */; };
		5B6545172BC3ED12F4D9EF49 /* StartPageView.swift in Sources */ = {isa = PBXBuildFile; fileRef = DCAC78848A8A41E88FDA4932 /* StartPageView.swift */; };
		64B809C4E33C875E1D30847F /* SidebarView.swift in Sources */ = {isa = PBXBuildFile; fileRef = E4601988191B80D31F913D27 /* SidebarView.swift */; };
		7CE05BD7C49A1AACF55B227B /* HistoryWindowController.swift in Sources */ = {isa = PBXBuildFile; fileRef = 5A2DE490301658C234E5DAF6 /* HistoryWindowController.swift */; };
		8321005F1EBB5974827429CC /* TabRow.swift in Sources */ = {isa = PBXBuildFile; fileRef = C6C3BB85EC00E2379B7E5FCB /* TabRow.swift */; };
		A09FB2C1A128E6E23033F427 /* WindowConfigurator.swift in Sources */ = {isa = PBXBuildFile; fileRef = 2FAB2E5524898483B33C179B /* WindowConfigurator.swift */; };
		B143EE14D4984E5444E88199 /* FaviconView.swift in Sources */ = {isa = PBXBuildFile; fileRef = D367E1D32C367FCF12017967 /* FaviconView.swift */; };
		C0FA063E7A7C57C0B7ACF70A /* AIPanelView.swift in Sources */ = {isa = PBXBuildFile; fileRef = D7BA2541DC0762B86EFF5799 /* AIPanelView.swift */; };
		C29B1C227F4385B66F9F48F4 /* ShareButton.swift in Sources */ = {isa = PBXBuildFile; fileRef = E957FC9BEB5F77D736EF1AC9 /* ShareButton.swift */; };
		D03F7938DD9772F8FCD7982C /* ProxyPanelView.swift in Sources */ = {isa = PBXBuildFile; fileRef = 0A25B3278FD432FEB941E932 /* ProxyPanelView.swift */; };
		D10C168DC1C45A71EAAE18DE /* FavoritesStripView.swift in Sources */ = {isa = PBXBuildFile; fileRef = 59FFDAA20F0F0F001E90C2C1 /* FavoritesStripView.swift */; };
		D5901EEFE8BFCC2DBDBD38B2 /* BrowserCore in Frameworks */ = {isa = PBXBuildFile; productRef = DA9E6A28B685B4EB034F1C6E /* BrowserCore */; };
		D7EE6382F55215835496B5A0 /* DownloadsController.swift in Sources */ = {isa = PBXBuildFile; fileRef = C8C4AAA50EAAEE9A5C1B3285 /* DownloadsController.swift */; };
		D86B5B8FC42A6D2EFA171929 /* DownloadsPopoverView.swift in Sources */ = {isa = PBXBuildFile; fileRef = BAAA614B27D8583BFBCA44D0 /* DownloadsPopoverView.swift */; };
		E92B8186DCEB812D472C129E /* ToolbarView.swift in Sources */ = {isa = PBXBuildFile; fileRef = 1FFA7D36D5B3400C273D4ED9 /* ToolbarView.swift */; };
		EA7D358888D2D336A483EF70 /* HistoryView.swift in Sources */ = {isa = PBXBuildFile; fileRef = 3738DCB7AA9FECE072615E7C /* HistoryView.swift */; };
		EC8D394205853AA355D52179 /* CommandBarView.swift in Sources */ = {isa = PBXBuildFile; fileRef = BA5D8836BC9C699B976075AD /* CommandBarView.swift */; };
		FC5DA623840AAC12F0C0DFB5 /* RightPanelView.swift in Sources */ = {isa = PBXBuildFile; fileRef = EF0BC3E2DF456DCEFEADFC8B /* RightPanelView.swift */; };
/* End PBXBuildFile section */

/* Begin PBXFileReference section */
		0A25B3278FD432FEB941E932 /* ProxyPanelView.swift */ = {isa = PBXFileReference; lastKnownFileType = sourcecode.swift; path = ProxyPanelView.swift; sourceTree = "<group>"; };
		0FA3F8B1060315FE4A2A1416 /* BrowserCore */ = {isa = PBXFileReference; lastKnownFileType = folder; name = BrowserCore; path = ../../packages/BrowserCore; sourceTree = SOURCE_ROOT; };
		1853863584241AAE23987837 /* FocusedValues+WindowState.swift */ = {isa = PBXFileReference; lastKnownFileType = sourcecode.swift; path = "FocusedValues+WindowState.swift"; sourceTree = "<group>"; };
		1FFA7D36D5B3400C273D4ED9 /* ToolbarView.swift */ = {isa = PBXFileReference; lastKnownFileType = sourcecode.swift; path = ToolbarView.swift; sourceTree = "<group>"; };
		2FAB2E5524898483B33C179B /* WindowConfigurator.swift */ = {isa = PBXFileReference; lastKnownFileType = sourcecode.swift; path = WindowConfigurator.swift; sourceTree = "<group>"; };
		3738DCB7AA9FECE072615E7C /* HistoryView.swift */ = {isa = PBXFileReference; lastKnownFileType = sourcecode.swift; path = HistoryView.swift; sourceTree = "<group>"; };
		40D5C254AF01A397901D4FE6 /* BrowserCommands.swift */ = {isa = PBXFileReference; lastKnownFileType = sourcecode.swift; path = BrowserCommands.swift; sourceTree = "<group>"; };
		59FFDAA20F0F0F001E90C2C1 /* FavoritesStripView.swift */ = {isa = PBXFileReference; lastKnownFileType = sourcecode.swift; path = FavoritesStripView.swift; sourceTree = "<group>"; };
		5A2DE490301658C234E5DAF6 /* HistoryWindowController.swift */ = {isa = PBXFileReference; lastKnownFileType = sourcecode.swift; path = HistoryWindowController.swift; sourceTree = "<group>"; };
		6A6F1CEC9567CE00791889AF /* TabStripView.swift */ = {isa = PBXFileReference; lastKnownFileType = sourcecode.swift; path = TabStripView.swift; sourceTree = "<group>"; };
		6FBE0D524EBD2C195D96CEE3 /* ArchivedView.swift */ = {isa = PBXFileReference; lastKnownFileType = sourcecode.swift; path = ArchivedView.swift; sourceTree = "<group>"; };
		92FE922FD9EBBDF4CD196CA0 /* WindowState.swift */ = {isa = PBXFileReference; lastKnownFileType = sourcecode.swift; path = WindowState.swift; sourceTree = "<group>"; };
		9B66BACE20761F76E4636EB9 /* MacBrowser.app */ = {isa = PBXFileReference; explicitFileType = wrapper.application; includeInIndex = 0; path = MacBrowser.app; sourceTree = BUILT_PRODUCTS_DIR; };
		9C62B0B04B2D7D1EB3EA6CBE /* SettingsView.swift */ = {isa = PBXFileReference; lastKnownFileType = sourcecode.swift; path = SettingsView.swift; sourceTree = "<group>"; };
		A45E8723FBD21A95F60AD201 /* CommandBarController.swift */ = {isa = PBXFileReference; lastKnownFileType = sourcecode.swift; path = CommandBarController.swift; sourceTree = "<group>"; };
		B2C6304CADDA83057A4761B7 /* CreateSpaceSheet.swift */ = {isa = PBXFileReference; lastKnownFileType = sourcecode.swift; path = CreateSpaceSheet.swift; sourceTree = "<group>"; };
		B708A87C7E8481C52039EE08 /* SpaceColor.swift */ = {isa = PBXFileReference; lastKnownFileType = sourcecode.swift; path = SpaceColor.swift; sourceTree = "<group>"; };
		BA5D8836BC9C699B976075AD /* CommandBarView.swift */ = {isa = PBXFileReference; lastKnownFileType = sourcecode.swift; path = CommandBarView.swift; sourceTree = "<group>"; };
		BAAA614B27D8583BFBCA44D0 /* DownloadsPopoverView.swift */ = {isa = PBXFileReference; lastKnownFileType = sourcecode.swift; path = DownloadsPopoverView.swift; sourceTree = "<group>"; };
		BD4858BCCE83EC421A583833 /* SpacesSwitcherView.swift */ = {isa = PBXFileReference; lastKnownFileType = sourcecode.swift; path = SpacesSwitcherView.swift; sourceTree = "<group>"; };
		C6C3BB85EC00E2379B7E5FCB /* TabRow.swift */ = {isa = PBXFileReference; lastKnownFileType = sourcecode.swift; path = TabRow.swift; sourceTree = "<group>"; };
		C7FA00419CE5DB4E9E6CFD66 /* MacBrowserApp.swift */ = {isa = PBXFileReference; lastKnownFileType = sourcecode.swift; path = MacBrowserApp.swift; sourceTree = "<group>"; };
		C8C4AAA50EAAEE9A5C1B3285 /* DownloadsController.swift */ = {isa = PBXFileReference; lastKnownFileType = sourcecode.swift; path = DownloadsController.swift; sourceTree = "<group>"; };
		CA9965A1115670D122AE5954 /* BrowserWindowView.swift */ = {isa = PBXFileReference; lastKnownFileType = sourcecode.swift; path = BrowserWindowView.swift; sourceTree = "<group>"; };
		D367E1D32C367FCF12017967 /* FaviconView.swift */ = {isa = PBXFileReference; lastKnownFileType = sourcecode.swift; path = FaviconView.swift; sourceTree = "<group>"; };
		D7BA2541DC0762B86EFF5799 /* AIPanelView.swift */ = {isa = PBXFileReference; lastKnownFileType = sourcecode.swift; path = AIPanelView.swift; sourceTree = "<group>"; };
		DCAC78848A8A41E88FDA4932 /* StartPageView.swift */ = {isa = PBXFileReference; lastKnownFileType = sourcecode.swift; path = StartPageView.swift; sourceTree = "<group>"; };
		E4601988191B80D31F913D27 /* SidebarView.swift */ = {isa = PBXFileReference; lastKnownFileType = sourcecode.swift; path = SidebarView.swift; sourceTree = "<group>"; };
		E957FC9BEB5F77D736EF1AC9 /* ShareButton.swift */ = {isa = PBXFileReference; lastKnownFileType = sourcecode.swift; path = ShareButton.swift; sourceTree = "<group>"; };
		EF0BC3E2DF456DCEFEADFC8B /* RightPanelView.swift */ = {isa = PBXFileReference; lastKnownFileType = sourcecode.swift; path = RightPanelView.swift; sourceTree = "<group>"; };
		F960DB93B8C5FC7B279AFE51 /* Assets.xcassets */ = {isa = PBXFileReference; lastKnownFileType = folder.assetcatalog; path = Assets.xcassets; sourceTree = "<group>"; };
/* End PBXFileReference section */

/* Begin PBXFrameworksBuildPhase section */
		7E016FA1DDD9D59498A2BEC7 /* Frameworks */ = {
			isa = PBXFrameworksBuildPhase;
			buildActionMask = 2147483647;
			files = (
				D5901EEFE8BFCC2DBDBD38B2 /* BrowserCore in Frameworks */,
			);
			runOnlyForDeploymentPostprocessing = 0;
		};
/* End PBXFrameworksBuildPhase section */

/* Begin PBXGroup section */
		4F31F54EBA8843388A949D25 /* Packages */ = {
			isa = PBXGroup;
			children = (
				0FA3F8B1060315FE4A2A1416 /* BrowserCore */,
			);
			name = Packages;
			sourceTree = "<group>";
		};
		5D490C8426A26B9979E65213 /* Resources */ = {
			isa = PBXGroup;
			children = (
				F960DB93B8C5FC7B279AFE51 /* Assets.xcassets */,
			);
			path = Resources;
			sourceTree = "<group>";
		};
		64848664E552CB34BA6BDB3F = {
			isa = PBXGroup;
			children = (
				4F31F54EBA8843388A949D25 /* Packages */,
				5D490C8426A26B9979E65213 /* Resources */,
				BD193D32E798C6AFB72CE23A /* Sources */,
				BF67A4399F75C6659D549BD0 /* Products */,
			);
			sourceTree = "<group>";
		};
		BD193D32E798C6AFB72CE23A /* Sources */ = {
			isa = PBXGroup;
			children = (
				D7BA2541DC0762B86EFF5799 /* AIPanelView.swift */,
				6FBE0D524EBD2C195D96CEE3 /* ArchivedView.swift */,
				40D5C254AF01A397901D4FE6 /* BrowserCommands.swift */,
				CA9965A1115670D122AE5954 /* BrowserWindowView.swift */,
				A45E8723FBD21A95F60AD201 /* CommandBarController.swift */,
				BA5D8836BC9C699B976075AD /* CommandBarView.swift */,
				B2C6304CADDA83057A4761B7 /* CreateSpaceSheet.swift */,
				C8C4AAA50EAAEE9A5C1B3285 /* DownloadsController.swift */,
				BAAA614B27D8583BFBCA44D0 /* DownloadsPopoverView.swift */,
				D367E1D32C367FCF12017967 /* FaviconView.swift */,
				59FFDAA20F0F0F001E90C2C1 /* FavoritesStripView.swift */,
				1853863584241AAE23987837 /* FocusedValues+WindowState.swift */,
				3738DCB7AA9FECE072615E7C /* HistoryView.swift */,
				5A2DE490301658C234E5DAF6 /* HistoryWindowController.swift */,
				C7FA00419CE5DB4E9E6CFD66 /* MacBrowserApp.swift */,
				0A25B3278FD432FEB941E932 /* ProxyPanelView.swift */,
				EF0BC3E2DF456DCEFEADFC8B /* RightPanelView.swift */,
				9C62B0B04B2D7D1EB3EA6CBE /* SettingsView.swift */,
				E957FC9BEB5F77D736EF1AC9 /* ShareButton.swift */,
				E4601988191B80D31F913D27 /* SidebarView.swift */,
				B708A87C7E8481C52039EE08 /* SpaceColor.swift */,
				BD4858BCCE83EC421A583833 /* SpacesSwitcherView.swift */,
				DCAC78848A8A41E88FDA4932 /* StartPageView.swift */,
				C6C3BB85EC00E2379B7E5FCB /* TabRow.swift */,
				6A6F1CEC9567CE00791889AF /* TabStripView.swift */,
				1FFA7D36D5B3400C273D4ED9 /* ToolbarView.swift */,
				2FAB2E5524898483B33C179B /* WindowConfigurator.swift */,
				92FE922FD9EBBDF4CD196CA0 /* WindowState.swift */,
			);
			path = Sources;
			sourceTree = "<group>";
		};
		BF67A4399F75C6659D549BD0 /* Products */ = {
			isa = PBXGroup;
			children = (
				9B66BACE20761F76E4636EB9 /* MacBrowser.app */,
			);
			name = Products;
			sourceTree = "<group>";
		};
/* End PBXGroup section */

/* Begin PBXNativeTarget section */
		7B2586D7091DF36C6466B0F7 /* MacBrowser */ = {
			isa = PBXNativeTarget;
			buildConfigurationList = A96687642B81D2E5E7A5413D /* Build configuration list for PBXNativeTarget "MacBrowser" */;
			buildPhases = (
				37D478E95D01097086FC3DB0 /* Sources */,
				6369C0F1F5E6C1096B7B9E73 /* Resources */,
				7E016FA1DDD9D59498A2BEC7 /* Frameworks */,
			);
			buildRules = (
			);
			dependencies = (
			);
			name = MacBrowser;
			packageProductDependencies = (
				DA9E6A28B685B4EB034F1C6E /* BrowserCore */,
			);
			productName = MacBrowser;
			productReference = 9B66BACE20761F76E4636EB9 /* MacBrowser.app */;
			productType = "com.apple.product-type.application";
		};
/* End PBXNativeTarget section */

/* Begin PBXProject section */
		EE3F6AD7410118F11CD57991 /* Project object */ = {
			isa = PBXProject;
			attributes = {
				BuildIndependentTargetsInParallel = YES;
				LastUpgradeCheck = 1430;
				TargetAttributes = {
				};
			};
			buildConfigurationList = 99DC22DBDD8CF819197ECEF9 /* Build configuration list for PBXProject "MacBrowser" */;
			developmentRegion = en;
			hasScannedForEncodings = 0;
			knownRegions = (
				Base,
				en,
			);
			mainGroup = 64848664E552CB34BA6BDB3F;
			minimizedProjectReferenceProxies = 1;
			packageReferences = (
				F3303529ABDB6F634DBDC2F9 /* XCLocalSwiftPackageReference "../../packages/BrowserCore" */,
			);
			preferredProjectObjectVersion = 77;
			productRefGroup = BF67A4399F75C6659D549BD0 /* Products */;
			projectDirPath = "";
			projectRoot = "";
			targets = (
				7B2586D7091DF36C6466B0F7 /* MacBrowser */,
			);
		};
/* End PBXProject section */

/* Begin PBXResourcesBuildPhase section */
		6369C0F1F5E6C1096B7B9E73 /* Resources */ = {
			isa = PBXResourcesBuildPhase;
			buildActionMask = 2147483647;
			files = (
				40F3100FACDB0510E6275BCB /* Assets.xcassets in Resources */,
			);
			runOnlyForDeploymentPostprocessing = 0;
		};
/* End PBXResourcesBuildPhase section */

/* Begin PBXSourcesBuildPhase section */
		37D478E95D01097086FC3DB0 /* Sources */ = {
			isa = PBXSourcesBuildPhase;
			buildActionMask = 2147483647;
			files = (
				C0FA063E7A7C57C0B7ACF70A /* AIPanelView.swift in Sources */,
				57046767EE135E6DAAAE5AA8 /* ArchivedView.swift in Sources */,
				108DA80EA553E1C904635A35 /* BrowserCommands.swift in Sources */,
				153AE9891CBA98E029C380F6 /* BrowserWindowView.swift in Sources */,
				20EEDF31C04DC7682F4AC02B /* CommandBarController.swift in Sources */,
				EC8D394205853AA355D52179 /* CommandBarView.swift in Sources */,
				13D317C2292F1D5A1F145DAC /* CreateSpaceSheet.swift in Sources */,
				D7EE6382F55215835496B5A0 /* DownloadsController.swift in Sources */,
				D86B5B8FC42A6D2EFA171929 /* DownloadsPopoverView.swift in Sources */,
				B143EE14D4984E5444E88199 /* FaviconView.swift in Sources */,
				D10C168DC1C45A71EAAE18DE /* FavoritesStripView.swift in Sources */,
				47417F6BC994D5FEFA7FDDBC /* FocusedValues+WindowState.swift in Sources */,
				EA7D358888D2D336A483EF70 /* HistoryView.swift in Sources */,
				7CE05BD7C49A1AACF55B227B /* HistoryWindowController.swift in Sources */,
				3190A0636E9A7A102E04EA68 /* MacBrowserApp.swift in Sources */,
				D03F7938DD9772F8FCD7982C /* ProxyPanelView.swift in Sources */,
				FC5DA623840AAC12F0C0DFB5 /* RightPanelView.swift in Sources */,
				51AF48B13B9B21E51F011943 /* SettingsView.swift in Sources */,
				C29B1C227F4385B66F9F48F4 /* ShareButton.swift in Sources */,
				64B809C4E33C875E1D30847F /* SidebarView.swift in Sources */,
				1B7AD01A2172C657ED7073C6 /* SpaceColor.swift in Sources */,
				4090B84CF8DCC45ED3148C69 /* SpacesSwitcherView.swift in Sources */,
				5B6545172BC3ED12F4D9EF49 /* StartPageView.swift in Sources */,
				8321005F1EBB5974827429CC /* TabRow.swift in Sources */,
				3F34061DF01735C9598F19FA /* TabStripView.swift in Sources */,
				E92B8186DCEB812D472C129E /* ToolbarView.swift in Sources */,
				A09FB2C1A128E6E23033F427 /* WindowConfigurator.swift in Sources */,
				5B56054A94CFAD985BE170EE /* WindowState.swift in Sources */,
			);
			runOnlyForDeploymentPostprocessing = 0;
		};
/* End PBXSourcesBuildPhase section */

/* Begin XCBuildConfiguration section */
		29958E646487790401824EED /* Debug */ = {
			isa = XCBuildConfiguration;
			buildSettings = {
				ALWAYS_SEARCH_USER_PATHS = NO;
				CLANG_ANALYZER_NONNULL = YES;
				CLANG_ANALYZER_NUMBER_OBJECT_CONVERSION = YES_AGGRESSIVE;
				CLANG_CXX_LANGUAGE_STANDARD = "gnu++14";
				CLANG_CXX_LIBRARY = "libc++";
				CLANG_ENABLE_MODULES = YES;
				CLANG_ENABLE_OBJC_ARC = YES;
				CLANG_ENABLE_OBJC_WEAK = YES;
				CLANG_WARN_BLOCK_CAPTURE_AUTORELEASING = YES;
				CLANG_WARN_BOOL_CONVERSION = YES;
				CLANG_WARN_COMMA = YES;
				CLANG_WARN_CONSTANT_CONVERSION = YES;
				CLANG_WARN_DEPRECATED_OBJC_IMPLEMENTATIONS = YES;
				CLANG_WARN_DIRECT_OBJC_ISA_USAGE = YES_ERROR;
				CLANG_WARN_DOCUMENTATION_COMMENTS = YES;
				CLANG_WARN_EMPTY_BODY = YES;
				CLANG_WARN_ENUM_CONVERSION = YES;
				CLANG_WARN_INFINITE_RECURSION = YES;
				CLANG_WARN_INT_CONVERSION = YES;
				CLANG_WARN_NON_LITERAL_NULL_CONVERSION = YES;
				CLANG_WARN_OBJC_IMPLICIT_RETAIN_SELF = YES;
				CLANG_WARN_OBJC_LITERAL_CONVERSION = YES;
				CLANG_WARN_OBJC_ROOT_CLASS = YES_ERROR;
				CLANG_WARN_QUOTED_INCLUDE_IN_FRAMEWORK_HEADER = YES;
				CLANG_WARN_RANGE_LOOP_ANALYSIS = YES;
				CLANG_WARN_STRICT_PROTOTYPES = YES;
				CLANG_WARN_SUSPICIOUS_MOVE = YES;
				CLANG_WARN_UNGUARDED_AVAILABILITY = YES_AGGRESSIVE;
				CLANG_WARN_UNREACHABLE_CODE = YES;
				CLANG_WARN__DUPLICATE_METHOD_MATCH = YES;
				COPY_PHASE_STRIP = NO;
				CURRENT_PROJECT_VERSION = 1;
				DEBUG_INFORMATION_FORMAT = dwarf;
				ENABLE_STRICT_OBJC_MSGSEND = YES;
				ENABLE_TESTABILITY = YES;
				GCC_C_LANGUAGE_STANDARD = gnu11;
				GCC_DYNAMIC_NO_PIC = NO;
				GCC_NO_COMMON_BLOCKS = YES;
				GCC_OPTIMIZATION_LEVEL = 0;
				GCC_PREPROCESSOR_DEFINITIONS = (
					"$(inherited)",
					"DEBUG=1",
				);
				GCC_WARN_64_TO_32_BIT_CONVERSION = YES;
				GCC_WARN_ABOUT_RETURN_TYPE = YES_ERROR;
				GCC_WARN_UNDECLARED_SELECTOR = YES;
				GCC_WARN_UNINITIALIZED_AUTOS = YES_AGGRESSIVE;
				GCC_WARN_UNUSED_FUNCTION = YES;
				GCC_WARN_UNUSED_VARIABLE = YES;
				MACOSX_DEPLOYMENT_TARGET = 14.0;
				MARKETING_VERSION = 1.0;
				MTL_ENABLE_DEBUG_INFO = INCLUDE_SOURCE;
				MTL_FAST_MATH = YES;
				ONLY_ACTIVE_ARCH = YES;
				PRODUCT_NAME = "$(TARGET_NAME)";
				SDKROOT = macosx;
				SWIFT_ACTIVE_COMPILATION_CONDITIONS = DEBUG;
				SWIFT_OPTIMIZATION_LEVEL = "-Onone";
				SWIFT_VERSION = 6.0;
			};
			name = Debug;
		};
		3CAEB4B74C9A5C034A7CFD2A /* Debug */ = {
			isa = XCBuildConfiguration;
			buildSettings = {
				ASSETCATALOG_COMPILER_APPICON_NAME = AppIcon;
				COMBINE_HIDPI_IMAGES = YES;
				GENERATE_INFOPLIST_FILE = NO;
				INFOPLIST_FILE = Generated/Info.plist;
				LD_RUNPATH_SEARCH_PATHS = (
					"$(inherited)",
					"@executable_path/../Frameworks",
				);
				PRODUCT_BUNDLE_IDENTIFIER = com.iosbrowser.macos;
				SDKROOT = macosx;
			};
			name = Debug;
		};
		4EEC5B4674CFB938FB8B05AB /* Release */ = {
			isa = XCBuildConfiguration;
			buildSettings = {
				ALWAYS_SEARCH_USER_PATHS = NO;
				CLANG_ANALYZER_NONNULL = YES;
				CLANG_ANALYZER_NUMBER_OBJECT_CONVERSION = YES_AGGRESSIVE;
				CLANG_CXX_LANGUAGE_STANDARD = "gnu++14";
				CLANG_CXX_LIBRARY = "libc++";
				CLANG_ENABLE_MODULES = YES;
				CLANG_ENABLE_OBJC_ARC = YES;
				CLANG_ENABLE_OBJC_WEAK = YES;
				CLANG_WARN_BLOCK_CAPTURE_AUTORELEASING = YES;
				CLANG_WARN_BOOL_CONVERSION = YES;
				CLANG_WARN_COMMA = YES;
				CLANG_WARN_CONSTANT_CONVERSION = YES;
				CLANG_WARN_DEPRECATED_OBJC_IMPLEMENTATIONS = YES;
				CLANG_WARN_DIRECT_OBJC_ISA_USAGE = YES_ERROR;
				CLANG_WARN_DOCUMENTATION_COMMENTS = YES;
				CLANG_WARN_EMPTY_BODY = YES;
				CLANG_WARN_ENUM_CONVERSION = YES;
				CLANG_WARN_INFINITE_RECURSION = YES;
				CLANG_WARN_INT_CONVERSION = YES;
				CLANG_WARN_NON_LITERAL_NULL_CONVERSION = YES;
				CLANG_WARN_OBJC_IMPLICIT_RETAIN_SELF = YES;
				CLANG_WARN_OBJC_LITERAL_CONVERSION = YES;
				CLANG_WARN_OBJC_ROOT_CLASS = YES_ERROR;
				CLANG_WARN_QUOTED_INCLUDE_IN_FRAMEWORK_HEADER = YES;
				CLANG_WARN_RANGE_LOOP_ANALYSIS = YES;
				CLANG_WARN_STRICT_PROTOTYPES = YES;
				CLANG_WARN_SUSPICIOUS_MOVE = YES;
				CLANG_WARN_UNGUARDED_AVAILABILITY = YES_AGGRESSIVE;
				CLANG_WARN_UNREACHABLE_CODE = YES;
				CLANG_WARN__DUPLICATE_METHOD_MATCH = YES;
				COPY_PHASE_STRIP = NO;
				CURRENT_PROJECT_VERSION = 1;
				DEBUG_INFORMATION_FORMAT = "dwarf-with-dsym";
				ENABLE_NS_ASSERTIONS = NO;
				ENABLE_STRICT_OBJC_MSGSEND = YES;
				GCC_C_LANGUAGE_STANDARD = gnu11;
				GCC_NO_COMMON_BLOCKS = YES;
				GCC_WARN_64_TO_32_BIT_CONVERSION = YES;
				GCC_WARN_ABOUT_RETURN_TYPE = YES_ERROR;
				GCC_WARN_UNDECLARED_SELECTOR = YES;
				GCC_WARN_UNINITIALIZED_AUTOS = YES_AGGRESSIVE;
				GCC_WARN_UNUSED_FUNCTION = YES;
				GCC_WARN_UNUSED_VARIABLE = YES;
				MACOSX_DEPLOYMENT_TARGET = 14.0;
				MARKETING_VERSION = 1.0;
				MTL_ENABLE_DEBUG_INFO = NO;
				MTL_FAST_MATH = YES;
				PRODUCT_NAME = "$(TARGET_NAME)";
				SDKROOT = macosx;
				SWIFT_COMPILATION_MODE = wholemodule;
				SWIFT_OPTIMIZATION_LEVEL = "-O";
				SWIFT_VERSION = 6.0;
			};
			name = Release;
		};
		D9A405E3ECE014D2BFBE4BDB /* Release */ = {
			isa = XCBuildConfiguration;
			buildSettings = {
				ASSETCATALOG_COMPILER_APPICON_NAME = AppIcon;
				COMBINE_HIDPI_IMAGES = YES;
				GENERATE_INFOPLIST_FILE = NO;
				INFOPLIST_FILE = Generated/Info.plist;
				LD_RUNPATH_SEARCH_PATHS = (
					"$(inherited)",
					"@executable_path/../Frameworks",
				);
				PRODUCT_BUNDLE_IDENTIFIER = com.iosbrowser.macos;
				SDKROOT = macosx;
			};
			name = Release;
		};
/* End XCBuildConfiguration section */

/* Begin XCConfigurationList section */
		99DC22DBDD8CF819197ECEF9 /* Build configuration list for PBXProject "MacBrowser" */ = {
			isa = XCConfigurationList;
			buildConfigurations = (
				29958E646487790401824EED /* Debug */,
				4EEC5B4674CFB938FB8B05AB /* Release */,
			);
			defaultConfigurationIsVisible = 0;
			defaultConfigurationName = Debug;
		};
		A96687642B81D2E5E7A5413D /* Build configuration list for PBXNativeTarget "MacBrowser" */ = {
			isa = XCConfigurationList;
			buildConfigurations = (
				3CAEB4B74C9A5C034A7CFD2A /* Debug */,
				D9A405E3ECE014D2BFBE4BDB /* Release */,
			);
			defaultConfigurationIsVisible = 0;
			defaultConfigurationName = Debug;
		};
/* End XCConfigurationList section */

/* Begin XCLocalSwiftPackageReference section */
		F3303529ABDB6F634DBDC2F9 /* XCLocalSwiftPackageReference "../../packages/BrowserCore" */ = {
			isa = XCLocalSwiftPackageReference;
			relativePath = ../../packages/BrowserCore;
		};
/* End XCLocalSwiftPackageReference section */

/* Begin XCSwiftPackageProductDependency section */
		DA9E6A28B685B4EB034F1C6E /* BrowserCore */ = {
			isa = XCSwiftPackageProductDependency;
			productName = BrowserCore;
		};
/* End XCSwiftPackageProductDependency section */
	};
	rootObject = EE3F6AD7410118F11CD57991 /* Project object */;
}
